// !$*UTF8*$!
{
	archiveVersion = 1;
	classes = {
	};
	objectVersion = 56;
	objects = {

/* Begin PBXBuildFile section */
		F36D45B92919263C005BD660 /* ProfileUser.swift in Sources */ = {isa = PBXBuildFile; fileRef = F36D45B82919263C005BD660 /* ProfileUser.swift */; };
		F394E975291824B100C39C71 /* AddHomeTeamView.swift in Sources */ = {isa = PBXBuildFile; fileRef = F394E96E291824B000C39C71 /* AddHomeTeamView.swift */; };
		F394E976291824B100C39C71 /* TeamListView.swift in Sources */ = {isa = PBXBuildFile; fileRef = F394E96F291824B000C39C71 /* TeamListView.swift */; };
		F394E977291824B100C39C71 /* TeamDetail.swift in Sources */ = {isa = PBXBuildFile; fileRef = F394E970291824B000C39C71 /* TeamDetail.swift */; };
		F394E978291824B100C39C71 /* SearchView.swift in Sources */ = {isa = PBXBuildFile; fileRef = F394E971291824B000C39C71 /* SearchView.swift */; };
		F394E979291824B100C39C71 /* TeamListRow.swift in Sources */ = {isa = PBXBuildFile; fileRef = F394E972291824B000C39C71 /* TeamListRow.swift */; };
		F394E97A291824B100C39C71 /* TeamTitle.swift in Sources */ = {isa = PBXBuildFile; fileRef = F394E973291824B000C39C71 /* TeamTitle.swift */; };
		F394E97B291824B100C39C71 /* LoginView.swift in Sources */ = {isa = PBXBuildFile; fileRef = F394E974291824B000C39C71 /* LoginView.swift */; };
		F394E97F291824DF00C39C71 /* Team.swift in Sources */ = {isa = PBXBuildFile; fileRef = F394E97E291824DF00C39C71 /* Team.swift */; };
		F39EF7A5291823D800B9F265 /* HereWegoApp.swift in Sources */ = {isa = PBXBuildFile; fileRef = F39EF7A4291823D800B9F265 /* HereWegoApp.swift */; };
		F39EF7A7291823D800B9F265 /* ContentView.swift in Sources */ = {isa = PBXBuildFile; fileRef = F39EF7A6291823D800B9F265 /* ContentView.swift */; };
		F39EF7A9291823D900B9F265 /* Assets.xcassets in Resources */ = {isa = PBXBuildFile; fileRef = F39EF7A8291823D900B9F265 /* Assets.xcassets */; };
		F39EF7AC291823D900B9F265 /* Preview Assets.xcassets in Resources */ = {isa = PBXBuildFile; fileRef = F39EF7AB291823D900B9F265 /* Preview Assets.xcassets */; };
/* End PBXBuildFile section */

/* Begin PBXFileReference section */
		F36D45B82919263C005BD660 /* ProfileUser.swift */ = {isa = PBXFileReference; lastKnownFileType = sourcecode.swift; path = ProfileUser.swift; sourceTree = "<group>"; };
		F394E96E291824B000C39C71 /* AddHomeTeamView.swift */ = {isa = PBXFileReference; fileEncoding = 4; lastKnownFileType = sourcecode.swift; path = AddHomeTeamView.swift; sourceTree = "<group>"; };
		F394E96F291824B000C39C71 /* TeamListView.swift */ = {isa = PBXFileReference; fileEncoding = 4; lastKnownFileType = sourcecode.swift; path = TeamListView.swift; sourceTree = "<group>"; };
		F394E970291824B000C39C71 /* TeamDetail.swift */ = {isa = PBXFileReference; fileEncoding = 4; lastKnownFileType = sourcecode.swift; path = TeamDetail.swift; sourceTree = "<group>"; };
		F394E971291824B000C39C71 /* SearchView.swift */ = {isa = PBXFileReference; fileEncoding = 4; lastKnownFileType = sourcecode.swift; path = SearchView.swift; sourceTree = "<group>"; };
		F394E972291824B000C39C71 /* TeamListRow.swift */ = {isa = PBXFileReference; fileEncoding = 4; lastKnownFileType = sourcecode.swift; path = TeamListRow.swift; sourceTree = "<group>"; };
		F394E973291824B000C39C71 /* TeamTitle.swift */ = {isa = PBXFileReference; fileEncoding = 4; lastKnownFileType = sourcecode.swift; path = TeamTitle.swift; sourceTree = "<group>"; };
		F394E974291824B000C39C71 /* LoginView.swift */ = {isa = PBXFileReference; fileEncoding = 4; lastKnownFileType = sourcecode.swift; path = LoginView.swift; sourceTree = "<group>"; };
		F394E97E291824DF00C39C71 /* Team.swift */ = {isa = PBXFileReference; fileEncoding = 4; lastKnownFileType = sourcecode.swift; path = Team.swift; sourceTree = "<group>"; };
		F39EF7A1291823D800B9F265 /* HereWego.app */ = {isa = PBXFileReference; explicitFileType = wrapper.application; includeInIndex = 0; path = HereWego.app; sourceTree = BUILT_PRODUCTS_DIR; };
		F39EF7A4291823D800B9F265 /* HereWegoApp.swift */ = {isa = PBXFileReference; lastKnownFileType = sourcecode.swift; path = HereWegoApp.swift; sourceTree = "<group>"; };
		F39EF7A6291823D800B9F265 /* ContentView.swift */ = {isa = PBXFileReference; lastKnownFileType = sourcecode.swift; path = ContentView.swift; sourceTree = "<group>"; };
		F39EF7A8291823D900B9F265 /* Assets.xcassets */ = {isa = PBXFileReference; lastKnownFileType = folder.assetcatalog; path = Assets.xcassets; sourceTree = "<group>"; };
		F39EF7AB291823D900B9F265 /* Preview Assets.xcassets */ = {isa = PBXFileReference; lastKnownFileType = folder.assetcatalog; path = "Preview Assets.xcassets"; sourceTree = "<group>"; };
/* End PBXFileReference section */

/* Begin PBXFrameworksBuildPhase section */
		F39EF79E291823D800B9F265 /* Frameworks */ = {
			isa = PBXFrameworksBuildPhase;
			buildActionMask = 2147483647;
			files = (
			);
			runOnlyForDeploymentPostprocessing = 0;
		};
/* End PBXFrameworksBuildPhase section */

/* Begin PBXGroup section */
		F394E96D2918243B00C39C71 /* View */ = {
			isa = PBXGroup;
			children = (
				F394E96E291824B000C39C71 /* AddHomeTeamView.swift */,
				F394E974291824B000C39C71 /* LoginView.swift */,
				F394E971291824B000C39C71 /* SearchView.swift */,
				F394E970291824B000C39C71 /* TeamDetail.swift */,
				F394E972291824B000C39C71 /* TeamListRow.swift */,
				F394E96F291824B000C39C71 /* TeamListView.swift */,
				F394E973291824B000C39C71 /* TeamTitle.swift */,
				F39EF7A6291823D800B9F265 /* ContentView.swift */,
				F36D45B82919263C005BD660 /* ProfileUser.swift */,
			);
			path = View;
			sourceTree = "<group>";
		};
		F394E97C291824C000C39C71 /* ViewModel */ = {
			isa = PBXGroup;
			children = (
			);
			path = ViewModel;
			sourceTree = "<group>";
		};
		F394E97D291824D000C39C71 /* Model */ = {
			isa = PBXGroup;
			children = (
				F394E97E291824DF00C39C71 /* Team.swift */,
			);
			path = Model;
			sourceTree = "<group>";
		};
		F39EF798291823D800B9F265 = {
			isa = PBXGroup;
			children = (
				F39EF7A3291823D800B9F265 /* HereWego */,
				F39EF7A2291823D800B9F265 /* Products */,
			);
			sourceTree = "<group>";
		};
		F39EF7A2291823D800B9F265 /* Products */ = {
			isa = PBXGroup;
			children = (
				F39EF7A1291823D800B9F265 /* HereWego.app */,
			);
			name = Products;
			sourceTree = "<group>";
		};
		F39EF7A3291823D800B9F265 /* HereWego */ = {
			isa = PBXGroup;
			children = (
				F39EF7A4291823D800B9F265 /* HereWegoApp.swift */,
				F394E97D291824D000C39C71 /* Model */,
				F394E97C291824C000C39C71 /* ViewModel */,
				F394E96D2918243B00C39C71 /* View */,
				F39EF7A8291823D900B9F265 /* Assets.xcassets */,
				F39EF7AA291823D900B9F265 /* Preview Content */,
			);
			path = HereWego;
			sourceTree = "<group>";
		};
		F39EF7AA291823D900B9F265 /* Preview Content */ = {
			isa = PBXGroup;
			children = (
				F39EF7AB291823D900B9F265 /* Preview Assets.xcassets */,
			);
			path = "Preview Content";
			sourceTree = "<group>";
		};
/* End PBXGroup section */

/* Begin PBXNativeTarget section */
		F39EF7A0291823D800B9F265 /* HereWego */ = {
			isa = PBXNativeTarget;
			buildConfigurationList = F39EF7AF291823D900B9F265 /* Build configuration list for PBXNativeTarget "HereWego" */;
			buildPhases = (
				F39EF79D291823D800B9F265 /* Sources */,
				F39EF79E291823D800B9F265 /* Frameworks */,
				F39EF79F291823D800B9F265 /* Resources */,
			);
			buildRules = (
			);
			dependencies = (
			);
			name = HereWego;
			productName = HereWego;
			productReference = F39EF7A1291823D800B9F265 /* HereWego.app */;
			productType = "com.apple.product-type.application";
		};
/* End PBXNativeTarget section */

/* Begin PBXProject section */
		F39EF799291823D800B9F265 /* Project object */ = {
			isa = PBXProject;
			attributes = {
				BuildIndependentTargetsInParallel = 1;
				LastSwiftUpdateCheck = 1410;
				LastUpgradeCheck = 1410;
				TargetAttributes = {
					F39EF7A0291823D800B9F265 = {
						CreatedOnToolsVersion = 14.1;
					};
				};
			};
			buildConfigurationList = F39EF79C291823D800B9F265 /* Build configuration list for PBXProject "HereWego" */;
			compatibilityVersion = "Xcode 14.0";
			developmentRegion = en;
			hasScannedForEncodings = 0;
			knownRegions = (
				en,
				Base,
			);
			mainGroup = F39EF798291823D800B9F265;
			productRefGroup = F39EF7A2291823D800B9F265 /* Products */;
			projectDirPath = "";
			projectRoot = "";
			targets = (
				F39EF7A0291823D800B9F265 /* HereWego */,
			);
		};
/* End PBXProject section */

/* Begin PBXResourcesBuildPhase section */
		F39EF79F291823D800B9F265 /* Resources */ = {
			isa = PBXResourcesBuildPhase;
			buildActionMask = 2147483647;
			files = (
				F39EF7AC291823D900B9F265 /* Preview Assets.xcassets in Resources */,
				F39EF7A9291823D900B9F265 /* Assets.xcassets in Resources */,
			);
			runOnlyForDeploymentPostprocessing = 0;
		};
/* End PBXResourcesBuildPhase section */

/* Begin PBXSourcesBuildPhase section */
		F39EF79D291823D800B9F265 /* Sources */ = {
			isa = PBXSourcesBuildPhase;
			buildActionMask = 2147483647;
			files = (
				F394E975291824B100C39C71 /* AddHomeTeamView.swift in Sources */,
				F394E977291824B100C39C71 /* TeamDetail.swift in Sources */,
				F39EF7A7291823D800B9F265 /* ContentView.swift in Sources */,
				F394E97B291824B100C39C71 /* LoginView.swift in Sources */,
				F394E97A291824B100C39C71 /* TeamTitle.swift in Sources */,
				F39EF7A5291823D800B9F265 /* HereWegoApp.swift in Sources */,
				F36D45B92919263C005BD660 /* ProfileUser.swift in Sources */,
				F394E978291824B100C39C71 /* SearchView.swift in Sources */,
				F394E979291824B100C39C71 /* TeamListRow.swift in Sources */,
				F394E97F291824DF00C39C71 /* Team.swift in Sources */,
				F394E976291824B100C39C71 /* TeamListView.swift in Sources */,
			);
			runOnlyForDeploymentPostprocessing = 0;
		};
/* End PBXSourcesBuildPhase section */

/* Begin XCBuildConfiguration section */
		F39EF7AD291823D900B9F265 /* Debug */ = {
			isa = XCBuildConfiguration;
			buildSettings = {
				ALWAYS_SEARCH_USER_PATHS = NO;
				CLANG_ANALYZER_NONNULL = YES;
				CLANG_ANALYZER_NUMBER_OBJECT_CONVERSION = YES_AGGRESSIVE;
				CLANG_CXX_LANGUAGE_STANDARD = "gnu++20";
				CLANG_ENABLE_MODULES = YES;
				CLANG_ENABLE_OBJC_ARC = YES;
				CLANG_ENABLE_OBJC_WEAK = YES;
				CLANG_WARN_BLOCK_CAPTURE_AUTORELEASING = YES;
				CLANG_WARN_BOOL_CONVERSION = YES;
				CLANG_WARN_COMMA = YES;
				CLANG_WARN_CONSTANT_CONVERSION = YES;
				CLANG_WARN_DEPRECATED_OBJC_IMPLEMENTATIONS = YES;
				CLANG_WARN_DIRECT_OBJC_ISA_USAGE = YES_ERROR;
				CLANG_WARN_DOCUMENTATION_COMMENTS = YES;
				CLANG_WARN_EMPTY_BODY = YES;
				CLANG_WARN_ENUM_CONVERSION = YES;
				CLANG_WARN_INFINITE_RECURSION = YES;
				CLANG_WARN_INT_CONVERSION = YES;
				CLANG_WARN_NON_LITERAL_NULL_CONVERSION = YES;
				CLANG_WARN_OBJC_IMPLICIT_RETAIN_SELF = YES;
				CLANG_WARN_OBJC_LITERAL_CONVERSION = YES;
				CLANG_WARN_OBJC_ROOT_CLASS = YES_ERROR;
				CLANG_WARN_QUOTED_INCLUDE_IN_FRAMEWORK_HEADER = YES;
				CLANG_WARN_RANGE_LOOP_ANALYSIS = YES;
				CLANG_WARN_STRICT_PROTOTYPES = YES;
				CLANG_WARN_SUSPICIOUS_MOVE = YES;
				CLANG_WARN_UNGUARDED_AVAILABILITY = YES_AGGRESSIVE;
				CLANG_WARN_UNREACHABLE_CODE = YES;
				CLANG_WARN__DUPLICATE_METHOD_MATCH = YES;
				COPY_PHASE_STRIP = NO;
				DEBUG_INFORMATION_FORMAT = dwarf;
				ENABLE_STRICT_OBJC_MSGSEND = YES;
				ENABLE_TESTABILITY = YES;
				GCC_C_LANGUAGE_STANDARD = gnu11;
				GCC_DYNAMIC_NO_PIC = NO;
				GCC_NO_COMMON_BLOCKS = YES;
				GCC_OPTIMIZATION_LEVEL = 0;
				GCC_PREPROCESSOR_DEFINITIONS = (
					"DEBUG=1",
					"$(inherited)",
				);
				GCC_WARN_64_TO_32_BIT_CONVERSION = YES;
				GCC_WARN_ABOUT_RETURN_TYPE = YES_ERROR;
				GCC_WARN_UNDECLARED_SELECTOR = YES;
				GCC_WARN_UNINITIALIZED_AUTOS = YES_AGGRESSIVE;
				GCC_WARN_UNUSED_FUNCTION = YES;
				GCC_WARN_UNUSED_VARIABLE = YES;
				IPHONEOS_DEPLOYMENT_TARGET = 16.1;
				MTL_ENABLE_DEBUG_INFO = INCLUDE_SOURCE;
				MTL_FAST_MATH = YES;
				ONLY_ACTIVE_ARCH = YES;
				SDKROOT = iphoneos;
				SWIFT_ACTIVE_COMPILATION_CONDITIONS = DEBUG;
				SWIFT_OPTIMIZATION_LEVEL = "-Onone";
			};
			name = Debug;
		};
		F39EF7AE291823D900B9F265 /* Release */ = {
			isa = XCBuildConfiguration;
			buildSettings = {
				ALWAYS_SEARCH_USER_PATHS = NO;
				CLANG_ANALYZER_NONNULL = YES;
				CLANG_ANALYZER_NUMBER_OBJECT_CONVERSION = YES_AGGRESSIVE;
				CLANG_CXX_LANGUAGE_STANDARD = "gnu++20";
				CLANG_ENABLE_MODULES = YES;
				CLANG_ENABLE_OBJC_ARC = YES;
				CLANG_ENABLE_OBJC_WEAK = YES;
				CLANG_WARN_BLOCK_CAPTURE_AUTORELEASING = YES;
				CLANG_WARN_BOOL_CONVERSION = YES;
				CLANG_WARN_COMMA = YES;
				CLANG_WARN_CONSTANT_CONVERSION = YES;
				CLANG_WARN_DEPRECATED_OBJC_IMPLEMENTATIONS = YES;
				CLANG_WARN_DIRECT_OBJC_ISA_USAGE = YES_ERROR;
				CLANG_WARN_DOCUMENTATION_COMMENTS = YES;
				CLANG_WARN_EMPTY_BODY = YES;
				CLANG_WARN_ENUM_CONVERSION = YES;
				CLANG_WARN_INFINITE_RECURSION = YES;
				CLANG_WARN_INT_CONVERSION = YES;
				CLANG_WARN_NON_LITERAL_NULL_CONVERSION = YES;
				CLANG_WARN_OBJC_IMPLICIT_RETAIN_SELF = YES;
				CLANG_WARN_OBJC_LITERAL_CONVERSION = YES;
				CLANG_WARN_OBJC_ROOT_CLASS = YES_ERROR;
				CLANG_WARN_QUOTED_INCLUDE_IN_FRAMEWORK_HEADER = YES;
				CLANG_WARN_RANGE_LOOP_ANALYSIS = YES;
				CLANG_WARN_STRICT_PROTOTYPES = YES;
				CLANG_WARN_SUSPICIOUS_MOVE = YES;
				CLANG_WARN_UNGUARDED_AVAILABILITY = YES_AGGRESSIVE;
				CLANG_WARN_UNREACHABLE_CODE = YES;
				CLANG_WARN__DUPLICATE_METHOD_MATCH = YES;
				COPY_PHASE_STRIP = NO;
				DEBUG_INFORMATION_FORMAT = "dwarf-with-dsym";
				ENABLE_NS_ASSERTIONS = NO;
				ENABLE_STRICT_OBJC_MSGSEND = YES;
				GCC_C_LANGUAGE_STANDARD = gnu11;
				GCC_NO_COMMON_BLOCKS = YES;
				GCC_WARN_64_TO_32_BIT_CONVERSION = YES;
				GCC_WARN_ABOUT_RETURN_TYPE = YES_ERROR;
				GCC_WARN_UNDECLARED_SELECTOR = YES;
				GCC_WARN_UNINITIALIZED_AUTOS = YES_AGGRESSIVE;
				GCC_WARN_UNUSED_FUNCTION = YES;
				GCC_WARN_UNUSED_VARIABLE = YES;
				IPHONEOS_DEPLOYMENT_TARGET = 16.1;
				MTL_ENABLE_DEBUG_INFO = NO;
				MTL_FAST_MATH = YES;
				SDKROOT = iphoneos;
				SWIFT_COMPILATION_MODE = wholemodule;
				SWIFT_OPTIMIZATION_LEVEL = "-O";
				VALIDATE_PRODUCT = YES;
			};
			name = Release;
		};
		F39EF7B0291823D900B9F265 /* Debug */ = {
			isa = XCBuildConfiguration;
			buildSettings = {
				ASSETCATALOG_COMPILER_APPICON_NAME = AppIcon;
				ASSETCATALOG_COMPILER_GLOBAL_ACCENT_COLOR_NAME = AccentColor;
				CODE_SIGN_STYLE = Automatic;
				CURRENT_PROJECT_VERSION = 1;
				DEVELOPMENT_ASSET_PATHS = "\"HereWego/Preview Content\"";
				DEVELOPMENT_TEAM = U5F437QJA7;
				ENABLE_PREVIEWS = YES;
				GENERATE_INFOPLIST_FILE = YES;
				INFOPLIST_KEY_UIApplicationSceneManifest_Generation = YES;
				INFOPLIST_KEY_UIApplicationSupportsIndirectInputEvents = YES;
				INFOPLIST_KEY_UILaunchScreen_Generation = YES;
				INFOPLIST_KEY_UISupportedInterfaceOrientations_iPad = "UIInterfaceOrientationPortrait UIInterfaceOrientationPortraitUpsideDown UIInterfaceOrientationLandscapeLeft UIInterfaceOrientationLandscapeRight";
				INFOPLIST_KEY_UISupportedInterfaceOrientations_iPhone = "UIInterfaceOrientationPortrait UIInterfaceOrientationLandscapeLeft UIInterfaceOrientationLandscapeRight";
				LD_RUNPATH_SEARCH_PATHS = (
					"$(inherited)",
					"@executable_path/Frameworks",
				);
				MARKETING_VERSION = 1.0;
				PRODUCT_BUNDLE_IDENTIFIER = com.kyungsoo.HereWego;
				PRODUCT_NAME = "$(TARGET_NAME)";
				SWIFT_EMIT_LOC_STRINGS = YES;
				SWIFT_VERSION = 5.0;
				TARGETED_DEVICE_FAMILY = "1,2";
			};
			name = Debug;
		};
		F39EF7B1291823D900B9F265 /* Release */ = {
			isa = XCBuildConfiguration;
			buildSettings = {
				ASSETCATALOG_COMPILER_APPICON_NAME = AppIcon;
				ASSETCATALOG_COMPILER_GLOBAL_ACCENT_COLOR_NAME = AccentColor;
				CODE_SIGN_STYLE = Automatic;
				CURRENT_PROJECT_VERSION = 1;
				DEVELOPMENT_ASSET_PATHS = "\"HereWego/Preview Content\"";
				DEVELOPMENT_TEAM = U5F437QJA7;
				ENABLE_PREVIEWS = YES;
				GENERATE_INFOPLIST_FILE = YES;
				INFOPLIST_KEY_UIApplicationSceneManifest_Generation = YES;
				INFOPLIST_KEY_UIApplicationSupportsIndirectInputEvents = YES;
				INFOPLIST_KEY_UILaunchScreen_Generation = YES;
				INFOPLIST_KEY_UISupportedInterfaceOrientations_iPad = "UIInterfaceOrientationPortrait UIInterfaceOrientationPortraitUpsideDown UIInterfaceOrientationLandscapeLeft UIInterfaceOrientationLandscapeRight";
				INFOPLIST_KEY_UISupportedInterfaceOrientations_iPhone = "UIInterfaceOrientationPortrait UIInterfaceOrientationLandscapeLeft UIInterfaceOrientationLandscapeRight";
				LD_RUNPATH_SEARCH_PATHS = (
					"$(inherited)",
					"@executable_path/Frameworks",
				);
				MARKETING_VERSION = 1.0;
				PRODUCT_BUNDLE_IDENTIFIER = com.kyungsoo.HereWego;
				PRODUCT_NAME = "$(TARGET_NAME)";
				SWIFT_EMIT_LOC_STRINGS = YES;
				SWIFT_VERSION = 5.0;
				TARGETED_DEVICE_FAMILY = "1,2";
			};
			name = Release;
		};
/* End XCBuildConfiguration section */

/* Begin XCConfigurationList section */
		F39EF79C291823D800B9F265 /* Build configuration list for PBXProject "HereWego" */ = {
			isa = XCConfigurationList;
			buildConfigurations = (
				F39EF7AD291823D900B9F265 /* Debug */,
				F39EF7AE291823D900B9F265 /* Release */,
			);
			defaultConfigurationIsVisible = 0;
			defaultConfigurationName = Release;
		};
		F39EF7AF291823D900B9F265 /* Build configuration list for PBXNativeTarget "HereWego" */ = {
			isa = XCConfigurationList;
			buildConfigurations = (
				F39EF7B0291823D900B9F265 /* Debug */,
				F39EF7B1291823D900B9F265 /* Release */,
			);
			defaultConfigurationIsVisible = 0;
			defaultConfigurationName = Release;
		};
/* End XCConfigurationList section */
	};
	rootObject = F39EF799291823D800B9F265 /* Project object */;
}
