// !$*UTF8*$!
{
	archiveVersion = 1;
	classes = {
	};
	objectVersion = 56;
	objects = {

/* Begin PBXBuildFile section */
		F3249AF42919725A00302D84 /* HereWeGoApp.swift in Sources */ = {isa = PBXBuildFile; fileRef = F3249AF32919725A00302D84 /* HereWeGoApp.swift */; };
		F3249AF82919725B00302D84 /* Assets.xcassets in Resources */ = {isa = PBXBuildFile; fileRef = F3249AF72919725B00302D84 /* Assets.xcassets */; };
		F3249AFB2919725B00302D84 /* Preview Assets.xcassets in Resources */ = {isa = PBXBuildFile; fileRef = F3249AFA2919725B00302D84 /* Preview Assets.xcassets */; };
		F3249B15291973AE00302D84 /* TeamDetail.swift in Sources */ = {isa = PBXBuildFile; fileRef = F3249B0C291973AE00302D84 /* TeamDetail.swift */; };
		F3249B16291973AE00302D84 /* LoginView.swift in Sources */ = {isa = PBXBuildFile; fileRef = F3249B0D291973AE00302D84 /* LoginView.swift */; };
		F3249B17291973AE00302D84 /* AddHomeTeamView.swift in Sources */ = {isa = PBXBuildFile; fileRef = F3249B0E291973AE00302D84 /* AddHomeTeamView.swift */; };
		F3249B19291973AE00302D84 /* ProfileUser.swift in Sources */ = {isa = PBXBuildFile; fileRef = F3249B10291973AE00302D84 /* ProfileUser.swift */; };
		F3249B1A291973AE00302D84 /* TeamListView.swift in Sources */ = {isa = PBXBuildFile; fileRef = F3249B11291973AE00302D84 /* TeamListView.swift */; };
		F3249B1B291973AE00302D84 /* TeamTitle.swift in Sources */ = {isa = PBXBuildFile; fileRef = F3249B12291973AE00302D84 /* TeamTitle.swift */; };
		F3249B1C291973AE00302D84 /* SearchView.swift in Sources */ = {isa = PBXBuildFile; fileRef = F3249B13291973AE00302D84 /* SearchView.swift */; };
		F3249B1D291973AE00302D84 /* TeamListRow.swift in Sources */ = {isa = PBXBuildFile; fileRef = F3249B14291973AE00302D84 /* TeamListRow.swift */; };
		F3249B1F291973B900302D84 /* Team.swift in Sources */ = {isa = PBXBuildFile; fileRef = F3249B1E291973B900302D84 /* Team.swift */; };
		F36E4FCC291AD22C006E72D6 /* OauthCheckBox.swift in Sources */ = {isa = PBXBuildFile; fileRef = F36E4FCB291AD22C006E72D6 /* OauthCheckBox.swift */; };
		F37FDF97296609F0008D7BF2 /* UserAPI.swift in Sources */ = {isa = PBXBuildFile; fileRef = F37FDF96296609F0008D7BF2 /* UserAPI.swift */; };
		F387BF212955BF88008E3877 /* LoginButton.swift in Sources */ = {isa = PBXBuildFile; fileRef = F387BF202955BF88008E3877 /* LoginButton.swift */; };
		F39AD9D7291ADE5D00EDCC82 /* FavoriteButton.swift in Sources */ = {isa = PBXBuildFile; fileRef = F39AD9D6291ADE5D00EDCC82 /* FavoriteButton.swift */; };
		F39AD9DD291B916D00EDCC82 /* ProfileButton.swift in Sources */ = {isa = PBXBuildFile; fileRef = F39AD9DC291B916D00EDCC82 /* ProfileButton.swift */; };
		F3C3B04D29C6FFDD00D8FD88 /* GoogleSignIn in Frameworks */ = {isa = PBXBuildFile; productRef = F3C3B04C29C6FFDD00D8FD88 /* GoogleSignIn */; };
		F3C3B04F29C6FFDD00D8FD88 /* GoogleSignInSwift in Frameworks */ = {isa = PBXBuildFile; productRef = F3C3B04E29C6FFDD00D8FD88 /* GoogleSignInSwift */; };
		F3C3B05129C7019B00D8FD88 /* client_615690412525-9uf5nt3d5kjbdt3utj9bi7r366iqlkh0.apps.googleusercontent.com.plist in Resources */ = {isa = PBXBuildFile; fileRef = F3C3B05029C7019B00D8FD88 /* client_615690412525-9uf5nt3d5kjbdt3utj9bi7r366iqlkh0.apps.googleusercontent.com.plist */; };
		F3DA8C8A291E420D007CB553 /* User.swift in Sources */ = {isa = PBXBuildFile; fileRef = F3DA8C89291E420D007CB553 /* User.swift */; };
		F3F40116291A8DA6009D43B8 /* SignUpView.swift in Sources */ = {isa = PBXBuildFile; fileRef = F3F40115291A8DA6009D43B8 /* SignUpView.swift */; };
/* End PBXBuildFile section */

/* Begin PBXFileReference section */
		F3249AF02919725A00302D84 /* HereWeGo.app */ = {isa = PBXFileReference; explicitFileType = wrapper.application; includeInIndex = 0; path = HereWeGo.app; sourceTree = BUILT_PRODUCTS_DIR; };
		F3249AF32919725A00302D84 /* HereWeGoApp.swift */ = {isa = PBXFileReference; lastKnownFileType = sourcecode.swift; path = HereWeGoApp.swift; sourceTree = "<group>"; };
		F3249AF72919725B00302D84 /* Assets.xcassets */ = {isa = PBXFileReference; lastKnownFileType = folder.assetcatalog; path = Assets.xcassets; sourceTree = "<group>"; };
		F3249AFA2919725B00302D84 /* Preview Assets.xcassets */ = {isa = PBXFileReference; lastKnownFileType = folder.assetcatalog; path = "Preview Assets.xcassets"; sourceTree = "<group>"; };
		F3249B0C291973AE00302D84 /* TeamDetail.swift */ = {isa = PBXFileReference; fileEncoding = 4; lastKnownFileType = sourcecode.swift; path = TeamDetail.swift; sourceTree = "<group>"; };
		F3249B0D291973AE00302D84 /* LoginView.swift */ = {isa = PBXFileReference; fileEncoding = 4; lastKnownFileType = sourcecode.swift; path = LoginView.swift; sourceTree = "<group>"; };
		F3249B0E291973AE00302D84 /* AddHomeTeamView.swift */ = {isa = PBXFileReference; fileEncoding = 4; lastKnownFileType = sourcecode.swift; path = AddHomeTeamView.swift; sourceTree = "<group>"; };
		F3249B10291973AE00302D84 /* ProfileUser.swift */ = {isa = PBXFileReference; fileEncoding = 4; lastKnownFileType = sourcecode.swift; path = ProfileUser.swift; sourceTree = "<group>"; };
		F3249B11291973AE00302D84 /* TeamListView.swift */ = {isa = PBXFileReference; fileEncoding = 4; lastKnownFileType = sourcecode.swift; path = TeamListView.swift; sourceTree = "<group>"; };
		F3249B12291973AE00302D84 /* TeamTitle.swift */ = {isa = PBXFileReference; fileEncoding = 4; lastKnownFileType = sourcecode.swift; path = TeamTitle.swift; sourceTree = "<group>"; };
		F3249B13291973AE00302D84 /* SearchView.swift */ = {isa = PBXFileReference; fileEncoding = 4; lastKnownFileType = sourcecode.swift; path = SearchView.swift; sourceTree = "<group>"; };
		F3249B14291973AE00302D84 /* TeamListRow.swift */ = {isa = PBXFileReference; fileEncoding = 4; lastKnownFileType = sourcecode.swift; path = TeamListRow.swift; sourceTree = "<group>"; };
		F3249B1E291973B900302D84 /* Team.swift */ = {isa = PBXFileReference; fileEncoding = 4; lastKnownFileType = sourcecode.swift; path = Team.swift; sourceTree = "<group>"; };
		F36E4FCB291AD22C006E72D6 /* OauthCheckBox.swift */ = {isa = PBXFileReference; lastKnownFileType = sourcecode.swift; name = OauthCheckBox.swift; path = HereWego/View/OauthCheckBox.swift; sourceTree = SOURCE_ROOT; };
		F37FDF9129658533008D7BF2 /* Info.plist */ = {isa = PBXFileReference; lastKnownFileType = text.plist; path = Info.plist; sourceTree = "<group>"; };
		F37FDF96296609F0008D7BF2 /* UserAPI.swift */ = {isa = PBXFileReference; lastKnownFileType = sourcecode.swift; name = UserAPI.swift; path = HereWego/ViewModel/UserAPI.swift; sourceTree = SOURCE_ROOT; };
		F387BF202955BF88008E3877 /* LoginButton.swift */ = {isa = PBXFileReference; lastKnownFileType = sourcecode.swift; name = LoginButton.swift; path = HereWego/View/Login/LoginButton.swift; sourceTree = SOURCE_ROOT; };
		F39AD9D6291ADE5D00EDCC82 /* FavoriteButton.swift */ = {isa = PBXFileReference; lastKnownFileType = sourcecode.swift; name = FavoriteButton.swift; path = HereWego/View/FavoriteButton.swift; sourceTree = SOURCE_ROOT; };
		F39AD9DC291B916D00EDCC82 /* ProfileButton.swift */ = {isa = PBXFileReference; lastKnownFileType = sourcecode.swift; name = ProfileButton.swift; path = HereWego/View/Profile/ProfileButton.swift; sourceTree = SOURCE_ROOT; };
		F3C3B05029C7019B00D8FD88 /* client_615690412525-9uf5nt3d5kjbdt3utj9bi7r366iqlkh0.apps.googleusercontent.com.plist */ = {isa = PBXFileReference; lastKnownFileType = text.plist; name = "client_615690412525-9uf5nt3d5kjbdt3utj9bi7r366iqlkh0.apps.googleusercontent.com.plist"; path = "HereWego/client_615690412525-9uf5nt3d5kjbdt3utj9bi7r366iqlkh0.apps.googleusercontent.com.plist"; sourceTree = SOURCE_ROOT; };
		F3DA8C89291E420D007CB553 /* User.swift */ = {isa = PBXFileReference; lastKnownFileType = sourcecode.swift; name = User.swift; path = HereWego/Model/User.swift; sourceTree = SOURCE_ROOT; };
		F3F40115291A8DA6009D43B8 /* SignUpView.swift */ = {isa = PBXFileReference; lastKnownFileType = sourcecode.swift; name = SignUpView.swift; path = HereWego/View/SignUpView.swift; sourceTree = SOURCE_ROOT; };
/* End PBXFileReference section */

/* Begin PBXFrameworksBuildPhase section */
		F3249AED2919725A00302D84 /* Frameworks */ = {
			isa = PBXFrameworksBuildPhase;
			buildActionMask = 2147483647;
			files = (
				F3C3B04D29C6FFDD00D8FD88 /* GoogleSignIn in Frameworks */,
				F3C3B04F29C6FFDD00D8FD88 /* GoogleSignInSwift in Frameworks */,
			);
			runOnlyForDeploymentPostprocessing = 0;
		};
/* End PBXFrameworksBuildPhase section */

/* Begin PBXGroup section */
		F3249AE72919725A00302D84 = {
			isa = PBXGroup;
			children = (
				F3249AF22919725A00302D84 /* HereWeGo */,
				F3249AF12919725A00302D84 /* Products */,
			);
			sourceTree = "<group>";
		};
		F3249AF12919725A00302D84 /* Products */ = {
			isa = PBXGroup;
			children = (
				F3249AF02919725A00302D84 /* HereWeGo.app */,
			);
			name = Products;
			sourceTree = "<group>";
		};
		F3249AF22919725A00302D84 /* HereWeGo */ = {
			isa = PBXGroup;
			children = (
				F3249AF32919725A00302D84 /* HereWeGoApp.swift */,
				F3249B012919727B00302D84 /* Model */,
				F3249B08291972F700302D84 /* View */,
				F37FDF95296609E4008D7BF2 /* ViewModel */,
				F37FDF9129658533008D7BF2 /* Info.plist */,
				F3249AF72919725B00302D84 /* Assets.xcassets */,
				F3249AF92919725B00302D84 /* Preview Content */,
				F3C3B05029C7019B00D8FD88 /* client_615690412525-9uf5nt3d5kjbdt3utj9bi7r366iqlkh0.apps.googleusercontent.com.plist */,
			);
			path = HereWeGo;
			sourceTree = "<group>";
		};
		F3249AF92919725B00302D84 /* Preview Content */ = {
			isa = PBXGroup;
			children = (
				F3249AFA2919725B00302D84 /* Preview Assets.xcassets */,
			);
			path = "Preview Content";
			sourceTree = "<group>";
		};
		F3249B012919727B00302D84 /* Model */ = {
			isa = PBXGroup;
			children = (
				F3249B1E291973B900302D84 /* Team.swift */,
				F3DA8C89291E420D007CB553 /* User.swift */,
			);
			path = Model;
			sourceTree = "<group>";
		};
		F3249B08291972F700302D84 /* View */ = {
			isa = PBXGroup;
			children = (
				F387BF1F2955BDF4008E3877 /* Login */,
				F39AD9D9291B913D00EDCC82 /* Profile */,
				F3249B0E291973AE00302D84 /* AddHomeTeamView.swift */,
				F3F40115291A8DA6009D43B8 /* SignUpView.swift */,
				F3249B13291973AE00302D84 /* SearchView.swift */,
				F3249B0C291973AE00302D84 /* TeamDetail.swift */,
				F3249B14291973AE00302D84 /* TeamListRow.swift */,
				F3249B11291973AE00302D84 /* TeamListView.swift */,
				F3249B12291973AE00302D84 /* TeamTitle.swift */,
				F36E4FCB291AD22C006E72D6 /* OauthCheckBox.swift */,
				F39AD9D6291ADE5D00EDCC82 /* FavoriteButton.swift */,
			);
			path = View;
			sourceTree = "<group>";
		};
		F37FDF95296609E4008D7BF2 /* ViewModel */ = {
			isa = PBXGroup;
			children = (
				F37FDF96296609F0008D7BF2 /* UserAPI.swift */,
			);
			path = ViewModel;
			sourceTree = "<group>";
		};
		F387BF1F2955BDF4008E3877 /* Login */ = {
			isa = PBXGroup;
			children = (
				F3249B0D291973AE00302D84 /* LoginView.swift */,
				F387BF202955BF88008E3877 /* LoginButton.swift */,
			);
			path = Login;
			sourceTree = "<group>";
		};
		F39AD9D9291B913D00EDCC82 /* Profile */ = {
			isa = PBXGroup;
			children = (
				F3249B10291973AE00302D84 /* ProfileUser.swift */,
				F39AD9DC291B916D00EDCC82 /* ProfileButton.swift */,
			);
			path = Profile;
			sourceTree = "<group>";
		};
/* End PBXGroup section */

/* Begin PBXNativeTarget section */
		F3249AEF2919725A00302D84 /* HereWeGo */ = {
			isa = PBXNativeTarget;
			buildConfigurationList = F3249AFE2919725B00302D84 /* Build configuration list for PBXNativeTarget "HereWeGo" */;
			buildPhases = (
				F3249AEC2919725A00302D84 /* Sources */,
				F3249AED2919725A00302D84 /* Frameworks */,
				F3249AEE2919725A00302D84 /* Resources */,
			);
			buildRules = (
			);
			dependencies = (
			);
			name = HereWeGo;
			packageProductDependencies = (
				F3C3B04C29C6FFDD00D8FD88 /* GoogleSignIn */,
				F3C3B04E29C6FFDD00D8FD88 /* GoogleSignInSwift */,
			);
			productName = HereWeGo;
			productReference = F3249AF02919725A00302D84 /* HereWeGo.app */;
			productType = "com.apple.product-type.application";
		};
/* End PBXNativeTarget section */

/* Begin PBXProject section */
		F3249AE82919725A00302D84 /* Project object */ = {
			isa = PBXProject;
			attributes = {
				BuildIndependentTargetsInParallel = 1;
				LastSwiftUpdateCheck = 1410;
				LastUpgradeCheck = 1410;
				TargetAttributes = {
					F3249AEF2919725A00302D84 = {
						CreatedOnToolsVersion = 14.1;
					};
				};
			};
			buildConfigurationList = F3249AEB2919725A00302D84 /* Build configuration list for PBXProject "HereWego" */;
			compatibilityVersion = "Xcode 14.0";
			developmentRegion = en;
			hasScannedForEncodings = 0;
			knownRegions = (
				en,
				Base,
			);
			mainGroup = F3249AE72919725A00302D84;
			packageReferences = (
				F3C3B04B29C6FFDD00D8FD88 /* XCRemoteSwiftPackageReference "GoogleSignIn-iOS" */,
			);
			productRefGroup = F3249AF12919725A00302D84 /* Products */;
			projectDirPath = "";
			projectRoot = "";
			targets = (
				F3249AEF2919725A00302D84 /* HereWeGo */,
			);
		};
/* End PBXProject section */

/* Begin PBXResourcesBuildPhase section */
		F3249AEE2919725A00302D84 /* Resources */ = {
			isa = PBXResourcesBuildPhase;
			buildActionMask = 2147483647;
			files = (
				F3249AFB2919725B00302D84 /* Preview Assets.xcassets in Resources */,
				F3249AF82919725B00302D84 /* Assets.xcassets in Resources */,
				F3C3B05129C7019B00D8FD88 /* client_615690412525-9uf5nt3d5kjbdt3utj9bi7r366iqlkh0.apps.googleusercontent.com.plist in Resources */,
			);
			runOnlyForDeploymentPostprocessing = 0;
		};
/* End PBXResourcesBuildPhase section */

/* Begin PBXSourcesBuildPhase section */
		F3249AEC2919725A00302D84 /* Sources */ = {
			isa = PBXSourcesBuildPhase;
			buildActionMask = 2147483647;
			files = (
				F3249B1F291973B900302D84 /* Team.swift in Sources */,
				F3249B1C291973AE00302D84 /* SearchView.swift in Sources */,
				F3249B15291973AE00302D84 /* TeamDetail.swift in Sources */,
				F39AD9DD291B916D00EDCC82 /* ProfileButton.swift in Sources */,
				F37FDF97296609F0008D7BF2 /* UserAPI.swift in Sources */,
				F3249B1A291973AE00302D84 /* TeamListView.swift in Sources */,
				F3249B16291973AE00302D84 /* LoginView.swift in Sources */,
				F3F40116291A8DA6009D43B8 /* SignUpView.swift in Sources */,
				F3249B1B291973AE00302D84 /* TeamTitle.swift in Sources */,
				F3DA8C8A291E420D007CB553 /* User.swift in Sources */,
				F3249B19291973AE00302D84 /* ProfileUser.swift in Sources */,
				F3249AF42919725A00302D84 /* HereWeGoApp.swift in Sources */,
				F3249B1D291973AE00302D84 /* TeamListRow.swift in Sources */,
				F36E4FCC291AD22C006E72D6 /* OauthCheckBox.swift in Sources */,
				F3249B17291973AE00302D84 /* AddHomeTeamView.swift in Sources */,
				F387BF212955BF88008E3877 /* LoginButton.swift in Sources */,
				F39AD9D7291ADE5D00EDCC82 /* FavoriteButton.swift in Sources */,
			);
			runOnlyForDeploymentPostprocessing = 0;
		};
/* End PBXSourcesBuildPhase section */

/* Begin XCBuildConfiguration section */
		F3249AFC2919725B00302D84 /* Debug */ = {
			isa = XCBuildConfiguration;
			buildSettings = {
				ALWAYS_SEARCH_USER_PATHS = NO;
				CLANG_ANALYZER_NONNULL = YES;
				CLANG_ANALYZER_NUMBER_OBJECT_CONVERSION = YES_AGGRESSIVE;
				CLANG_CXX_LANGUAGE_STANDARD = "gnu++20";
				CLANG_ENABLE_MODULES = YES;
				CLANG_ENABLE_OBJC_ARC = YES;
				CLANG_ENABLE_OBJC_WEAK = YES;
				CLANG_WARN_BLOCK_CAPTURE_AUTORELEASING = YES;
				CLANG_WARN_BOOL_CONVERSION = YES;
				CLANG_WARN_COMMA = YES;
				CLANG_WARN_CONSTANT_CONVERSION = YES;
				CLANG_WARN_DEPRECATED_OBJC_IMPLEMENTATIONS = YES;
				CLANG_WARN_DIRECT_OBJC_ISA_USAGE = YES_ERROR;
				CLANG_WARN_DOCUMENTATION_COMMENTS = YES;
				CLANG_WARN_EMPTY_BODY = YES;
				CLANG_WARN_ENUM_CONVERSION = YES;
				CLANG_WARN_INFINITE_RECURSION = YES;
				CLANG_WARN_INT_CONVERSION = YES;
				CLANG_WARN_NON_LITERAL_NULL_CONVERSION = YES;
				CLANG_WARN_OBJC_IMPLICIT_RETAIN_SELF = YES;
				CLANG_WARN_OBJC_LITERAL_CONVERSION = YES;
				CLANG_WARN_OBJC_ROOT_CLASS = YES_ERROR;
				CLANG_WARN_QUOTED_INCLUDE_IN_FRAMEWORK_HEADER = YES;
				CLANG_WARN_RANGE_LOOP_ANALYSIS = YES;
				CLANG_WARN_STRICT_PROTOTYPES = YES;
				CLANG_WARN_SUSPICIOUS_MOVE = YES;
				CLANG_WARN_UNGUARDED_AVAILABILITY = YES_AGGRESSIVE;
				CLANG_WARN_UNREACHABLE_CODE = YES;
				CLANG_WARN__DUPLICATE_METHOD_MATCH = YES;
				COPY_PHASE_STRIP = NO;
				DEBUG_INFORMATION_FORMAT = dwarf;
				ENABLE_STRICT_OBJC_MSGSEND = YES;
				ENABLE_TESTABILITY = YES;
				GCC_C_LANGUAGE_STANDARD = gnu11;
				GCC_DYNAMIC_NO_PIC = NO;
				GCC_NO_COMMON_BLOCKS = YES;
				GCC_OPTIMIZATION_LEVEL = 0;
				GCC_PREPROCESSOR_DEFINITIONS = (
					"DEBUG=1",
					"$(inherited)",
				);
				GCC_WARN_64_TO_32_BIT_CONVERSION = YES;
				GCC_WARN_ABOUT_RETURN_TYPE = YES_ERROR;
				GCC_WARN_UNDECLARED_SELECTOR = YES;
				GCC_WARN_UNINITIALIZED_AUTOS = YES_AGGRESSIVE;
				GCC_WARN_UNUSED_FUNCTION = YES;
				GCC_WARN_UNUSED_VARIABLE = YES;
				IPHONEOS_DEPLOYMENT_TARGET = 16.1;
				MTL_ENABLE_DEBUG_INFO = INCLUDE_SOURCE;
				MTL_FAST_MATH = YES;
				ONLY_ACTIVE_ARCH = YES;
				SDKROOT = iphoneos;
				SWIFT_ACTIVE_COMPILATION_CONDITIONS = DEBUG;
				SWIFT_OPTIMIZATION_LEVEL = "-Onone";
			};
			name = Debug;
		};
		F3249AFD2919725B00302D84 /* Release */ = {
			isa = XCBuildConfiguration;
			buildSettings = {
				ALWAYS_SEARCH_USER_PATHS = NO;
				CLANG_ANALYZER_NONNULL = YES;
				CLANG_ANALYZER_NUMBER_OBJECT_CONVERSION = YES_AGGRESSIVE;
				CLANG_CXX_LANGUAGE_STANDARD = "gnu++20";
				CLANG_ENABLE_MODULES = YES;
				CLANG_ENABLE_OBJC_ARC = YES;
				CLANG_ENABLE_OBJC_WEAK = YES;
				CLANG_WARN_BLOCK_CAPTURE_AUTORELEASING = YES;
				CLANG_WARN_BOOL_CONVERSION = YES;
				CLANG_WARN_COMMA = YES;
				CLANG_WARN_CONSTANT_CONVERSION = YES;
				CLANG_WARN_DEPRECATED_OBJC_IMPLEMENTATIONS = YES;
				CLANG_WARN_DIRECT_OBJC_ISA_USAGE = YES_ERROR;
				CLANG_WARN_DOCUMENTATION_COMMENTS = YES;
				CLANG_WARN_EMPTY_BODY = YES;
				CLANG_WARN_ENUM_CONVERSION = YES;
				CLANG_WARN_INFINITE_RECURSION = YES;
				CLANG_WARN_INT_CONVERSION = YES;
				CLANG_WARN_NON_LITERAL_NULL_CONVERSION = YES;
				CLANG_WARN_OBJC_IMPLICIT_RETAIN_SELF = YES;
				CLANG_WARN_OBJC_LITERAL_CONVERSION = YES;
				CLANG_WARN_OBJC_ROOT_CLASS = YES_ERROR;
				CLANG_WARN_QUOTED_INCLUDE_IN_FRAMEWORK_HEADER = YES;
				CLANG_WARN_RANGE_LOOP_ANALYSIS = YES;
				CLANG_WARN_STRICT_PROTOTYPES = YES;
				CLANG_WARN_SUSPICIOUS_MOVE = YES;
				CLANG_WARN_UNGUARDED_AVAILABILITY = YES_AGGRESSIVE;
				CLANG_WARN_UNREACHABLE_CODE = YES;
				CLANG_WARN__DUPLICATE_METHOD_MATCH = YES;
				COPY_PHASE_STRIP = NO;
				DEBUG_INFORMATION_FORMAT = "dwarf-with-dsym";
				ENABLE_NS_ASSERTIONS = NO;
				ENABLE_STRICT_OBJC_MSGSEND = YES;
				GCC_C_LANGUAGE_STANDARD = gnu11;
				GCC_NO_COMMON_BLOCKS = YES;
				GCC_WARN_64_TO_32_BIT_CONVERSION = YES;
				GCC_WARN_ABOUT_RETURN_TYPE = YES_ERROR;
				GCC_WARN_UNDECLARED_SELECTOR = YES;
				GCC_WARN_UNINITIALIZED_AUTOS = YES_AGGRESSIVE;
				GCC_WARN_UNUSED_FUNCTION = YES;
				GCC_WARN_UNUSED_VARIABLE = YES;
				IPHONEOS_DEPLOYMENT_TARGET = 16.1;
				MTL_ENABLE_DEBUG_INFO = NO;
				MTL_FAST_MATH = YES;
				SDKROOT = iphoneos;
				SWIFT_COMPILATION_MODE = wholemodule;
				SWIFT_OPTIMIZATION_LEVEL = "-O";
				VALIDATE_PRODUCT = YES;
			};
			name = Release;
		};
		F3249AFF2919725B00302D84 /* Debug */ = {
			isa = XCBuildConfiguration;
			buildSettings = {
				ASSETCATALOG_COMPILER_APPICON_NAME = AppIcon;
				ASSETCATALOG_COMPILER_GLOBAL_ACCENT_COLOR_NAME = AccentColor;
				CODE_SIGN_STYLE = Automatic;
				CURRENT_PROJECT_VERSION = 1;
				DEVELOPMENT_ASSET_PATHS = "\"HereWeGo/Preview Content\"";
				DEVELOPMENT_TEAM = U5F437QJA7;
				ENABLE_PREVIEWS = YES;
				GENERATE_INFOPLIST_FILE = YES;
				INFOPLIST_FILE = HereWeGo/Info.plist;
				INFOPLIST_KEY_UIApplicationSupportsIndirectInputEvents = YES;
				INFOPLIST_KEY_UILaunchScreen_Generation = YES;
				INFOPLIST_KEY_UISupportedInterfaceOrientations_iPad = "UIInterfaceOrientationPortrait UIInterfaceOrientationPortraitUpsideDown UIInterfaceOrientationLandscapeLeft UIInterfaceOrientationLandscapeRight";
				INFOPLIST_KEY_UISupportedInterfaceOrientations_iPhone = "UIInterfaceOrientationPortrait UIInterfaceOrientationLandscapeLeft UIInterfaceOrientationLandscapeRight";
				LD_RUNPATH_SEARCH_PATHS = (
					"$(inherited)",
					"@executable_path/Frameworks",
				);
				MARKETING_VERSION = 1.0;
				PRODUCT_BUNDLE_IDENTIFIER = com.kyungsoo.HereWeGo;
				PRODUCT_NAME = "$(TARGET_NAME)";
				SWIFT_EMIT_LOC_STRINGS = YES;
				SWIFT_VERSION = 5.0;
				TARGETED_DEVICE_FAMILY = "1,2";
			};
			name = Debug;
		};
		F3249B002919725B00302D84 /* Release */ = {
			isa = XCBuildConfiguration;
			buildSettings = {
				ASSETCATALOG_COMPILER_APPICON_NAME = AppIcon;
				ASSETCATALOG_COMPILER_GLOBAL_ACCENT_COLOR_NAME = AccentColor;
				CODE_SIGN_STYLE = Automatic;
				CURRENT_PROJECT_VERSION = 1;
				DEVELOPMENT_ASSET_PATHS = "\"HereWeGo/Preview Content\"";
				DEVELOPMENT_TEAM = U5F437QJA7;
				ENABLE_PREVIEWS = YES;
				GENERATE_INFOPLIST_FILE = YES;
				INFOPLIST_FILE = HereWeGo/Info.plist;
				INFOPLIST_KEY_UIApplicationSupportsIndirectInputEvents = YES;
				INFOPLIST_KEY_UILaunchScreen_Generation = YES;
				INFOPLIST_KEY_UISupportedInterfaceOrientations_iPad = "UIInterfaceOrientationPortrait UIInterfaceOrientationPortraitUpsideDown UIInterfaceOrientationLandscapeLeft UIInterfaceOrientationLandscapeRight";
				INFOPLIST_KEY_UISupportedInterfaceOrientations_iPhone = "UIInterfaceOrientationPortrait UIInterfaceOrientationLandscapeLeft UIInterfaceOrientationLandscapeRight";
				LD_RUNPATH_SEARCH_PATHS = (
					"$(inherited)",
					"@executable_path/Frameworks",
				);
				MARKETING_VERSION = 1.0;
				PRODUCT_BUNDLE_IDENTIFIER = com.kyungsoo.HereWeGo;
				PRODUCT_NAME = "$(TARGET_NAME)";
				SWIFT_EMIT_LOC_STRINGS = YES;
				SWIFT_VERSION = 5.0;
				TARGETED_DEVICE_FAMILY = "1,2";
			};
			name = Release;
		};
/* End XCBuildConfiguration section */

/* Begin XCConfigurationList section */
		F3249AEB2919725A00302D84 /* Build configuration list for PBXProject "HereWego" */ = {
			isa = XCConfigurationList;
			buildConfigurations = (
				F3249AFC2919725B00302D84 /* Debug */,
				F3249AFD2919725B00302D84 /* Release */,
			);
			defaultConfigurationIsVisible = 0;
			defaultConfigurationName = Release;
		};
		F3249AFE2919725B00302D84 /* Build configuration list for PBXNativeTarget "HereWeGo" */ = {
			isa = XCConfigurationList;
			buildConfigurations = (
				F3249AFF2919725B00302D84 /* Debug */,
				F3249B002919725B00302D84 /* Release */,
			);
			defaultConfigurationIsVisible = 0;
			defaultConfigurationName = Release;
		};
/* End XCConfigurationList section */

/* Begin XCRemoteSwiftPackageReference section */
		F3C3B04B29C6FFDD00D8FD88 /* XCRemoteSwiftPackageReference "GoogleSignIn-iOS" */ = {
			isa = XCRemoteSwiftPackageReference;
			repositoryURL = "https://github.com/google/GoogleSignIn-iOS";
			requirement = {
				kind = upToNextMajorVersion;
				minimumVersion = 7.0.0;
			};
		};
/* End XCRemoteSwiftPackageReference section */

/* Begin XCSwiftPackageProductDependency section */
		F3C3B04C29C6FFDD00D8FD88 /* GoogleSignIn */ = {
			isa = XCSwiftPackageProductDependency;
			package = F3C3B04B29C6FFDD00D8FD88 /* XCRemoteSwiftPackageReference "GoogleSignIn-iOS" */;
			productName = GoogleSignIn;
		};
		F3C3B04E29C6FFDD00D8FD88 /* GoogleSignInSwift */ = {
			isa = XCSwiftPackageProductDependency;
			package = F3C3B04B29C6FFDD00D8FD88 /* XCRemoteSwiftPackageReference "GoogleSignIn-iOS" */;
			productName = GoogleSignInSwift;
		};
/* End XCSwiftPackageProductDependency section */
	};
	rootObject = F3249AE82919725A00302D84 /* Project object */;
}
